
Microsoft Visual Studio Solution File, Format Version 12.00
Project("{FAE04EC0-301F-11D3-BF4B-00C04F79EFBC}") = "SoS Time Changer", "SoS Time Changer.csproj", "{E82D30C2-C462-4F1F-AC36-A9E74659A491}"
EndProject
Global
	GlobalSection(SolutionConfigurationPlatforms) = preSolution
		Debug|Any CPU = Debug|Any CPU
		Release|Any CPU = Release|Any CPU
	EndGlobalSection
	GlobalSection(ProjectConfigurationPlatforms) = postSolution
		{E82D30C2-C462-4F1F-AC36-A9E74659A491}.Debug|Any CPU.ActiveCfg = Debug|Any CPU
		{E82D30C2-C462-4F1F-AC36-A9E74659A491}.Debug|Any CPU.Build.0 = Debug|Any CPU
		{E82D30C2-C462-4F1F-AC36-A9E74659A491}.Release|Any CPU.ActiveCfg = Release|Any CPU
		{E82D30C2-C462-4F1F-AC36-A9E74659A491}.Release|Any CPU.Build.0 = Release|Any CPU
	EndGlobalSection
EndGlobal
